<?xml version="1.0" encoding="utf-8"?>
<Project ToolsVersion="4.0" xmlns="http://schemas.microsoft.com/developer/msbuild/2003">
  <ItemGroup>
    <Filter Include="Pliki zasobów">
      <UniqueIdentifier>{67DA6AB6-F800-4c08-8B7A-83BB121AAD01}</UniqueIdentifier>
      <Extensions>rc;ico;cur;bmp;dlg;rc2;rct;bin;rgs;gif;jpg;jpeg;jpe;resx;tiff;tif;png;wav;mfcribbon-ms</Extensions>
    </Filter>
    <Filter Include="Classes">
      <UniqueIdentifier>{4c6c8bc2-8b3b-472b-bd9c-27c8ae5ccbee}</UniqueIdentifier>
    </Filter>
    <Filter Include="Classes\State">
      <UniqueIdentifier>{77eab90b-0dd5-482f-9e96-84398ae0e1c8}</UniqueIdentifier>
    </Filter>
    <Filter Include="Classes\Menu">
      <UniqueIdentifier>{3bb2c347-8555-4bad-973a-2c6f2b5d0584}</UniqueIdentifier>
    </Filter>
    <Filter Include="Classes\Game">
      <UniqueIdentifier>{b6387038-5e39-40d0-a726-1ac1a7d80933}</UniqueIdentifier>
    </Filter>
    <Filter Include="Main">
      <UniqueIdentifier>{4FC737F1-C7A5-4376-A066-2A32D752A2FF}</UniqueIdentifier>
      <Extensions>cpp;c;cc;cxx;c++;cppm;ixx;def;odl;idl;hpj;bat;asm;asmx</Extensions>
    </Filter>
    <Filter Include="Classes\Button">
      <UniqueIdentifier>{409accd6-f045-4bd3-b042-fb8811c755b8}</UniqueIdentifier>
    </Filter>
  </ItemGroup>
  <ItemGroup>
    <ClCompile Include="Main.cpp">
      <Filter>Main</Filter>
    </ClCompile>
    <ClCompile Include="Menu.cpp">
      <Filter>Classes\Menu</Filter>
    </ClCompile>
    <ClCompile Include="State.cpp">
      <Filter>Classes\State</Filter>
    </ClCompile>
    <ClCompile Include="Game.cpp">
      <Filter>Classes\Game</Filter>
    </ClCompile>
    <ClCompile Include="Button.cpp">
      <Filter>Classes\Button</Filter>
    </ClCompile>
    <ClCompile Include="Gameplay.cpp">
      <Filter>Main</Filter>
    </ClCompile>
    <ClCompile Include="Cell.cpp">
      <Filter>Main</Filter>
    </ClCompile>
  </ItemGroup>
  <ItemGroup>
    <ClInclude Include="Game.h">
      <Filter>Classes\Game</Filter>
    </ClInclude>
    <ClInclude Include="Menu.h">
      <Filter>Classes\Menu</Filter>
    </ClInclude>
    <ClInclude Include="State.h">
      <Filter>Classes\State</Filter>
    </ClInclude>
    <ClInclude Include="Button.h">
      <Filter>Classes\Button</Filter>
    </ClInclude>
    <ClInclude Include="Gameplay.h" />
    <ClInclude Include="resource.h" />
    <ClInclude Include="Cell.h" />
  </ItemGroup>
  <ItemGroup>
    <ResourceCompile Include="Resource.rc">
      <Filter>Pliki zasobów</Filter>
    </ResourceCompile>
  </ItemGroup>
  <ItemGroup>
    <Image Include="Assets\icon\MineSweeper logo.ico">
      <Filter>Pliki zasobów</Filter>
    </Image>
  </ItemGroup>
</Project>